{
  "name": "pit",
  "lockfileVersion": 2,
  "requires": true,
  "packages": {
    "": {
      "dependencies": {
        "ftrm-sensors": "^0.0.0"
      }
    },
    "node_modules/ftrm-sensors": {
      "version": "0.0.0",
      "resolved": "https://registry.npmjs.org/ftrm-sensors/-/ftrm-sensors-0.0.0.tgz",
      "integrity": "sha512-Gv7NGaWWVs6ize++s75z5iBdfslJ6f0/9rjZZYkFsbj34IyAE3cifAsAkMnYQdy5YvSaOwmvYt5/drCsNlc9Gw==",
      "dependencies": {
        "qsem": "^1.0.0"
      }
    },
    "node_modules/qsem": {
      "version": "1.0.0",
      "resolved": "https://registry.npmjs.org/qsem/-/qsem-1.0.0.tgz",
      "integrity": "sha512-YryGLqh5raBy4DHWuvP+WRHUpcZJ1oUNhrataeqJcTNFnOjrH8whPdZnFfb/6RA1hU+YVxK4ZIXK3cGSLpjRnA=="
    }
  },
  "dependencies": {
    "ftrm-sensors": {
      "version": "0.0.0",
      "resolved": "https://registry.npmjs.org/ftrm-sensors/-/ftrm-sensors-0.0.0.tgz",
      "integrity": "sha512-Gv7NGaWWVs6ize++s75z5iBdfslJ6f0/9rjZZYkFsbj34IyAE3cifAsAkMnYQdy5YvSaOwmvYt5/drCsNlc9Gw==",
      "requires": {
        "qsem": "^1.0.0"
      }
    },
    "qsem": {
      "version": "1.0.0",
      "resolved": "https://registry.npmjs.org/qsem/-/qsem-1.0.0.tgz",
      "integrity": "sha512-YryGLqh5raBy4DHWuvP+WRHUpcZJ1oUNhrataeqJcTNFnOjrH8whPdZnFfb/6RA1hU+YVxK4ZIXK3cGSLpjRnA=="
    }
  }
}
