{
  "name": "my-home",
  "version": "0.0.0",
  "lockfileVersion": 1,
  "requires": true,
  "dependencies": {
    "array-flatten": {
      "version": "2.1.2",
      "resolved": "https://registry.npmjs.org/array-flatten/-/array-flatten-2.1.2.tgz",
      "integrity": "sha512-hNfzcOV8W4NdualtqBFPyVO+54DSJuZGY9qT4pRroB6S9e3iiido2ISIC5h9R2sPJ8H3FHCIiEnsv1lPXO3KtQ=="
    },
    "bloxycrats": {
      "version": "git+https://github.com/jue89/node-bloxycrats.git#6b57ecd66a9c8eafa4dd0a2003295d11a92c6240",
      "from": "git+https://github.com/jue89/node-bloxycrats.git#6b57ecd66a9c8eafa4dd0a2003295d11a92c6240"
    },
    "bonjour-hap": {
      "version": "3.5.1",
      "resolved": "https://registry.npmjs.org/bonjour-hap/-/bonjour-hap-3.5.1.tgz",
      "integrity": "sha512-JqJXX5+i1NRGt8GyIPb+nBNjwrHbWe5Pb+HSuRMG/B62tPRHQ4Jyv3yX7hy1pHfRrV2OhnWpd+ljBtMb24R5rA==",
      "requires": {
        "array-flatten": "^2.1.0",
        "deep-equal": "^1.0.1",
        "dns-equal": "^1.0.0",
        "dns-txt": "^2.0.2",
        "multicast-dns": "^6.0.1",
        "multicast-dns-service-types": "^1.1.0"
      }
    },
    "buffer-indexof": {
      "version": "1.1.1",
      "resolved": "https://registry.npmjs.org/buffer-indexof/-/buffer-indexof-1.1.1.tgz",
      "integrity": "sha512-4/rOEg86jivtPTeOUUT61jJO1Ya1TrR/OkqCSZDyq84WJh3LuuiphBYJN+fm5xufIk4XAFcEwte/8WzC8If/1g=="
    },
    "deep-equal": {
      "version": "1.0.1",
      "resolved": "https://registry.npmjs.org/deep-equal/-/deep-equal-1.0.1.tgz",
      "integrity": "sha1-9dJgKStmDghO/0zbyfCK0yR0SLU="
    },
    "dns-equal": {
      "version": "1.0.0",
      "resolved": "https://registry.npmjs.org/dns-equal/-/dns-equal-1.0.0.tgz",
      "integrity": "sha1-s55/HabrCnW6nBcySzR1PEfgZU0="
    },
    "dns-packet": {
      "version": "1.3.1",
      "resolved": "https://registry.npmjs.org/dns-packet/-/dns-packet-1.3.1.tgz",
      "integrity": "sha512-0UxfQkMhYAUaZI+xrNZOz/as5KgDU0M/fQ9b6SpkyLbk3GEswDi6PADJVaYJradtRVsRIlF1zLyOodbcTCDzUg==",
      "requires": {
        "ip": "^1.1.0",
        "safe-buffer": "^5.0.1"
      }
    },
    "dns-txt": {
      "version": "2.0.2",
      "resolved": "https://registry.npmjs.org/dns-txt/-/dns-txt-2.0.2.tgz",
      "integrity": "sha1-uR2Ab10nGI5Ks+fRB9iBocxGQrY=",
      "requires": {
        "buffer-indexof": "^1.0.0"
      }
    },
    "edfsm": {
      "version": "git+https://github.com/jue89/node-edfsm.git#99f75f9178c1fa71d222f09ff695d5522a74e9eb",
      "from": "git+https://github.com/jue89/node-edfsm.git#99f75f9178c1fa71d222f09ff695d5522a74e9eb"
    },
    "ftrm": {
      "version": "git+https://github.com/Footurama/ftrm.git#0940a718338aaac97ce35e736a859dba28f30b49",
      "from": "git+https://github.com/Footurama/ftrm.git#0940a718338aaac97ce35e736a859dba28f30b49",
      "requires": {
        "partybus": "git+https://github.com/jue89/node-partybus.git#482b60754a327f48668c7e6f61699d8108db779b",
        "tubemail-mdns": "git+https://github.com/jue89/node-tubemail-mdns.git#f650f843932a8acb6bd7d7744859595dfc7a24c1"
      }
    },
    "ftrm-basic": {
      "version": "git+https://github.com/Footurama/ftrm-basic.git#6a1d72e4a035baa640f12e98d52b0684586725a4",
      "from": "ftrm-basic@git+https://github.com/Footurama/ftrm-basic.git#6a1d72e4a035baa640f12e98d52b0684586725a4"
    },
    "ip": {
      "version": "1.1.5",
      "resolved": "https://registry.npmjs.org/ip/-/ip-1.1.5.tgz",
      "integrity": "sha1-vd7XARQpCCjAoDnnLvJfWq7ENUo="
    },
    "jsonschema": {
      "version": "1.2.4",
      "resolved": "https://registry.npmjs.org/jsonschema/-/jsonschema-1.2.4.tgz",
      "integrity": "sha512-lz1nOH69GbsVHeVgEdvyavc/33oymY1AZwtePMiMj4HZPMbP5OIKK3zT9INMWjwua/V4Z4yq7wSlBbSG+g4AEw=="
    },
    "multicast-dns": {
      "version": "6.2.3",
      "resolved": "https://registry.npmjs.org/multicast-dns/-/multicast-dns-6.2.3.tgz",
      "integrity": "sha512-ji6J5enbMyGRHIAkAOu3WdV8nggqviKCEKtXcOqfphZZtQrmHKycfynJ2V7eVPUA4NhJ6V7Wf4TmGbTwKE9B6g==",
      "requires": {
        "dns-packet": "^1.3.1",
        "thunky": "^1.0.2"
      }
    },
    "multicast-dns-service-types": {
      "version": "1.1.0",
      "resolved": "https://registry.npmjs.org/multicast-dns-service-types/-/multicast-dns-service-types-1.1.0.tgz",
      "integrity": "sha1-iZ8R2WhuXgXLkbNdXw5jt3PPyQE="
    },
    "partybus": {
      "version": "git+https://github.com/jue89/node-partybus.git#482b60754a327f48668c7e6f61699d8108db779b",
      "from": "git+https://github.com/jue89/node-partybus.git#482b60754a327f48668c7e6f61699d8108db779b",
      "requires": {
        "tubemail": "git+https://github.com/jue89/node-tubemail.git#ab11f9af5d2a9e23028234fce759956acfa3229f"
      }
    },
    "safe-buffer": {
      "version": "5.1.2",
      "resolved": "https://registry.npmjs.org/safe-buffer/-/safe-buffer-5.1.2.tgz",
      "integrity": "sha512-Gd2UZBJDkXlY7GbJxfsE8/nvKkUEU1G38c1siN6QP6a9PT9MmHB8GnpscSmMJSoF8LOIrt8ud/wPtojys4G6+g=="
    },
    "thunky": {
      "version": "1.0.3",
      "resolved": "https://registry.npmjs.org/thunky/-/thunky-1.0.3.tgz",
      "integrity": "sha512-YwT8pjmNcAXBZqrubu22P4FYsh2D4dxRmnWBOL8Jk8bUcRUtc5326kx32tuTmFDAZtLOGEVNl8POAR8j896Iow=="
    },
    "tubemail": {
      "version": "git+https://github.com/jue89/node-tubemail.git#ab11f9af5d2a9e23028234fce759956acfa3229f",
      "from": "git+https://github.com/jue89/node-tubemail.git#ab11f9af5d2a9e23028234fce759956acfa3229f",
      "requires": {
        "bloxycrats": "git+https://github.com/jue89/node-bloxycrats.git#6b57ecd66a9c8eafa4dd0a2003295d11a92c6240",
        "edfsm": "git+https://github.com/jue89/node-edfsm.git#99f75f9178c1fa71d222f09ff695d5522a74e9eb",
        "jsonschema": "^1.2.4",
        "x509.js": "^1.0.0"
      }
    },
    "tubemail-mdns": {
      "version": "git+https://github.com/jue89/node-tubemail-mdns.git#f650f843932a8acb6bd7d7744859595dfc7a24c1",
      "from": "git+https://github.com/jue89/node-tubemail-mdns.git#f650f843932a8acb6bd7d7744859595dfc7a24c1",
      "requires": {
        "bonjour-hap": "^3.5.1"
      }
    },
    "x509.js": {
      "version": "1.0.0",
      "resolved": "https://registry.npmjs.org/x509.js/-/x509.js-1.0.0.tgz",
      "integrity": "sha1-BLapdNs8eOwnakwKDIT7puyAjTg="
    }
  }
}
