{
  "name": "my-home",
  "version": "0.0.0",
  "lockfileVersion": 1,
  "requires": true,
  "dependencies": {
    "bindings": {
      "version": "1.2.1",
      "resolved": "https://registry.npmjs.org/bindings/-/bindings-1.2.1.tgz",
      "integrity": "sha1-FK1hE4EtLTfXLme0ystLtyZQXxE="
    },
    "ftrm": {
      "version": "git+https://github.com/Footurama/ftrm.git#49cc56e602bfa717da734480348293477144cc9d",
      "requires": {
        "partybus": "1.1.0",
        "tubemail-mdns": "1.0.1"
      }
    },
    "ftrm-basic": {
      "version": "git+https://github.com/Footurama/ftrm-basic.git#bb158e0b5f1ca969f8890fc735f38990d25e00bf"
    },
    "mdns": {
      "version": "2.4.0",
      "resolved": "https://registry.npmjs.org/mdns/-/mdns-2.4.0.tgz",
      "integrity": "sha512-t58BWOyagGpATg8LlALpnqjfT7VHBq6/HCLfU/SK0Ox+enx3Cut7voWB9DPwjrdoccql6Z6ZY1rwuBX93t0Vpw==",
      "requires": {
        "bindings": "1.2.1",
        "nan": "2.11.1"
      },
      "dependencies": {
        "nan": {
          "version": "2.11.1",
          "resolved": "https://registry.npmjs.org/nan/-/nan-2.11.1.tgz",
          "integrity": "sha512-iji6k87OSXa0CcrLl9z+ZiYSuR2o+c0bGuNmXdrhTQTakxytAFsC56SArGYoiHlJlFoHSnvmhpceZJaXkVuOtA=="
        }
      }
    },
    "nan": {
      "version": "2.2.0",
      "resolved": "http://registry.npmjs.org/nan/-/nan-2.2.0.tgz",
      "integrity": "sha1-d5wHE1YpUDz2p7fmqrMwSbPDhTw="
    },
    "partybus": {
      "version": "1.1.0",
      "resolved": "https://registry.npmjs.org/partybus/-/partybus-1.1.0.tgz",
      "integrity": "sha512-RryWqatT3imO8VaChjVQ8S07On48jFuF0MFyC/Aq/KmeBBPlP4l8qR/rnWZqbEk9+6aUkPGz027AjtNEYeEBww==",
      "requires": {
        "tubemail": "1.0.1"
      }
    },
    "tubemail": {
      "version": "1.0.1",
      "resolved": "https://registry.npmjs.org/tubemail/-/tubemail-1.0.1.tgz",
      "integrity": "sha512-inlrTWjAMU6YVa5xNYdl1Y7TyNUegDVwHSETXDXPHlKM46MP3npkIuo9QkhwoV+rYIvIBk89x99f//X1YtIAiQ==",
      "requires": {
        "x509": "0.3.3"
      }
    },
    "tubemail-mdns": {
      "version": "1.0.1",
      "resolved": "https://registry.npmjs.org/tubemail-mdns/-/tubemail-mdns-1.0.1.tgz",
      "integrity": "sha512-+/iI7a4tKpoL6mxrOSSSYNIZLWr8CCdBxvhQr/Y1DMqp1EAcsXegYd6ttSjgIJ7LGBie0ZB0+lJyc6aKEDYNSA==",
      "requires": {
        "mdns": "2.4.0"
      }
    },
    "x509": {
      "version": "0.3.3",
      "resolved": "https://registry.npmjs.org/x509/-/x509-0.3.3.tgz",
      "integrity": "sha512-03sJu1FxG3cKM6xHqDiZqD2Y4yaf50ylPAT0yYpu2TFQ6SFdmiqK7v8pA3koXX8YV6Zdys8/AHCt2wwHGVS8Cg==",
      "requires": {
        "nan": "2.2.0"
      }
    }
  }
}
