{
  "name": "my-home",
  "version": "0.0.0",
  "lockfileVersion": 1,
  "requires": true,
  "dependencies": {
    "array-flatten": {
      "version": "2.1.2",
      "resolved": "https://registry.npmjs.org/array-flatten/-/array-flatten-2.1.2.tgz",
      "integrity": "sha512-hNfzcOV8W4NdualtqBFPyVO+54DSJuZGY9qT4pRroB6S9e3iiido2ISIC5h9R2sPJ8H3FHCIiEnsv1lPXO3KtQ=="
    },
    "bloxycrats": {
      "version": "1.1.0",
      "resolved": "https://registry.npmjs.org/bloxycrats/-/bloxycrats-1.1.0.tgz",
      "integrity": "sha512-Dc9IIyXimkqC0Dv4f6vIfW0GrD7qiwtWx+dN+2G47pR4voDrdnScEy2nNgZqESQ7ighI+v9sBYtMSz0JoQ+zOA=="
    },
    "bonjour-hap": {
      "version": "3.5.4",
      "resolved": "https://registry.npmjs.org/bonjour-hap/-/bonjour-hap-3.5.4.tgz",
      "integrity": "sha512-MgU27SEZYQ09Skm71Xa7SZoAg259V4IlAJNWaloFVMlYDn1OjJy3nkwSixRHnDzrcLWocVI84f9exI1ObZChBw==",
      "requires": {
        "array-flatten": "^2.1.0",
        "deep-equal": "^1.0.1",
        "dns-equal": "^1.0.0",
        "dns-txt": "^2.0.2",
        "multicast-dns": "^7.2.0",
        "multicast-dns-service-types": "^1.1.0"
      }
    },
    "buffer-indexof": {
      "version": "1.1.1",
      "resolved": "https://registry.npmjs.org/buffer-indexof/-/buffer-indexof-1.1.1.tgz",
      "integrity": "sha512-4/rOEg86jivtPTeOUUT61jJO1Ya1TrR/OkqCSZDyq84WJh3LuuiphBYJN+fm5xufIk4XAFcEwte/8WzC8If/1g=="
    },
    "colors": {
      "version": "1.4.0",
      "resolved": "https://registry.npmjs.org/colors/-/colors-1.4.0.tgz",
      "integrity": "sha512-a+UqTh4kgZg/SlGvfbzDHpgRu7AAQOmmqRHJnxhRZICKFUT91brVhNNt58CMWU9PsBbv3PDCZUHbVxuDiH2mtA=="
    },
    "deep-equal": {
      "version": "1.1.0",
      "resolved": "https://registry.npmjs.org/deep-equal/-/deep-equal-1.1.0.tgz",
      "integrity": "sha512-ZbfWJq/wN1Z273o7mUSjILYqehAktR2NVoSrOukDkU9kg2v/Uv89yU4Cvz8seJeAmtN5oqiefKq8FPuXOboqLw==",
      "requires": {
        "is-arguments": "^1.0.4",
        "is-date-object": "^1.0.1",
        "is-regex": "^1.0.4",
        "object-is": "^1.0.1",
        "object-keys": "^1.1.1",
        "regexp.prototype.flags": "^1.2.0"
      }
    },
    "define-properties": {
      "version": "1.1.3",
      "resolved": "https://registry.npmjs.org/define-properties/-/define-properties-1.1.3.tgz",
      "integrity": "sha512-3MqfYKj2lLzdMSf8ZIZE/V+Zuy+BgD6f164e8K2w7dgnpKArBDerGYpM46IYYcjnkdPNMjPk9A6VFB8+3SKlXQ==",
      "requires": {
        "object-keys": "^1.0.12"
      }
    },
    "dns-equal": {
      "version": "1.0.0",
      "resolved": "https://registry.npmjs.org/dns-equal/-/dns-equal-1.0.0.tgz",
      "integrity": "sha1-s55/HabrCnW6nBcySzR1PEfgZU0="
    },
    "dns-packet": {
      "version": "4.2.0",
      "resolved": "https://registry.npmjs.org/dns-packet/-/dns-packet-4.2.0.tgz",
      "integrity": "sha512-bn1AKpfkFbm0MIioOMHZ5qJzl2uypdBwI4nYNsqvhjsegBhcKJUlCrMPWLx6JEezRjxZmxhtIz/FkBEur2l8Cw==",
      "requires": {
        "ip": "^1.1.5",
        "safe-buffer": "^5.1.1"
      }
    },
    "dns-txt": {
      "version": "2.0.2",
      "resolved": "https://registry.npmjs.org/dns-txt/-/dns-txt-2.0.2.tgz",
      "integrity": "sha1-uR2Ab10nGI5Ks+fRB9iBocxGQrY=",
      "requires": {
        "buffer-indexof": "^1.0.0"
      }
    },
    "edfsm": {
      "version": "1.1.1",
      "resolved": "https://registry.npmjs.org/edfsm/-/edfsm-1.1.1.tgz",
      "integrity": "sha512-26iiskTBvwvBp7jpXdqcEN113AnWuUwgjN92A8k2uCRB89VMyYMr0GnI74yMYNQvOBAw8SpJ5G6IHsoA4/cwCQ=="
    },
    "ftrm": {
      "version": "git+https://github.com/Footurama/ftrm.git#774ddd0f8344df650fee050ba94c02ecb78220c5",
      "from": "git+https://github.com/Footurama/ftrm.git#774ddd0f8344df650fee050ba94c02ecb78220c5",
      "requires": {
        "colors": "^1.4.0",
        "partybus": "^2.1.0",
        "systemd-journald": "^1.5.1",
        "tubemail-mdns": "^2.0.0"
      }
    },
    "ftrm-basic": {
      "version": "git+https://github.com/Footurama/ftrm-basic.git#9ed220ec4248061189b287bbea518e533b0d825f",
      "from": "git+https://github.com/Footurama/ftrm-basic.git#9ed220ec4248061189b287bbea518e533b0d825f"
    },
    "function-bind": {
      "version": "1.1.1",
      "resolved": "https://registry.npmjs.org/function-bind/-/function-bind-1.1.1.tgz",
      "integrity": "sha512-yIovAzMX49sF8Yl58fSCWJ5svSLuaibPxXQJFLmBObTuCr0Mf1KiPopGM9NiFjiYBCbfaa2Fh6breQ6ANVTI0A=="
    },
    "has": {
      "version": "1.0.3",
      "resolved": "https://registry.npmjs.org/has/-/has-1.0.3.tgz",
      "integrity": "sha512-f2dvO0VU6Oej7RkWJGrehjbzMAjFp5/VKPp5tTpWIV4JHHZK1/BxbFRtf/siA2SWTe09caDmVtYYzWEIbBS4zw==",
      "requires": {
        "function-bind": "^1.1.1"
      }
    },
    "ip": {
      "version": "1.1.5",
      "resolved": "https://registry.npmjs.org/ip/-/ip-1.1.5.tgz",
      "integrity": "sha1-vd7XARQpCCjAoDnnLvJfWq7ENUo="
    },
    "is-arguments": {
      "version": "1.0.4",
      "resolved": "https://registry.npmjs.org/is-arguments/-/is-arguments-1.0.4.tgz",
      "integrity": "sha512-xPh0Rmt8NE65sNzvyUmWgI1tz3mKq74lGA0mL8LYZcoIzKOzDh6HmrYm3d18k60nHerC8A9Km8kYu87zfSFnLA=="
    },
    "is-date-object": {
      "version": "1.0.1",
      "resolved": "https://registry.npmjs.org/is-date-object/-/is-date-object-1.0.1.tgz",
      "integrity": "sha1-mqIOtq7rv/d/vTPnTKAbM1gdOhY="
    },
    "is-regex": {
      "version": "1.0.4",
      "resolved": "https://registry.npmjs.org/is-regex/-/is-regex-1.0.4.tgz",
      "integrity": "sha1-VRdIm1RwkbCTDglWVM7SXul+lJE=",
      "requires": {
        "has": "^1.0.1"
      }
    },
    "jsonschema": {
      "version": "1.2.4",
      "resolved": "https://registry.npmjs.org/jsonschema/-/jsonschema-1.2.4.tgz",
      "integrity": "sha512-lz1nOH69GbsVHeVgEdvyavc/33oymY1AZwtePMiMj4HZPMbP5OIKK3zT9INMWjwua/V4Z4yq7wSlBbSG+g4AEw=="
    },
    "multicast-dns": {
      "version": "7.2.0",
      "resolved": "https://registry.npmjs.org/multicast-dns/-/multicast-dns-7.2.0.tgz",
      "integrity": "sha512-Tu2QORGOFANB124NWQ/JTRhMf/ODouVLEuvu5Dz8YWEU55zQgRgFGnBHfIh5PbfNDAuaRl7yLB+pgWhSqVxi2Q==",
      "requires": {
        "dns-packet": "^4.0.0",
        "thunky": "^1.0.2"
      }
    },
    "multicast-dns-service-types": {
      "version": "1.1.0",
      "resolved": "https://registry.npmjs.org/multicast-dns-service-types/-/multicast-dns-service-types-1.1.0.tgz",
      "integrity": "sha1-iZ8R2WhuXgXLkbNdXw5jt3PPyQE="
    },
    "nan": {
      "version": "2.14.0",
      "resolved": "https://registry.npmjs.org/nan/-/nan-2.14.0.tgz",
      "integrity": "sha512-INOFj37C7k3AfaNTtX8RhsTw7qRy7eLET14cROi9+5HAVbbHuIWUHEauBv5qT4Av2tWasiTY1Jw6puUNqRJXQg==",
      "optional": true
    },
    "object-is": {
      "version": "1.0.1",
      "resolved": "https://registry.npmjs.org/object-is/-/object-is-1.0.1.tgz",
      "integrity": "sha1-CqYOyZiaCz7Xlc9NBvYs8a1lObY="
    },
    "object-keys": {
      "version": "1.1.1",
      "resolved": "https://registry.npmjs.org/object-keys/-/object-keys-1.1.1.tgz",
      "integrity": "sha512-NuAESUOUMrlIXOfHKzD6bpPu3tYt3xvjNdRIQ+FeT0lNb4K8WR70CaDxhuNguS2XG+GjkyMwOzsN5ZktImfhLA=="
    },
    "partybus": {
      "version": "2.1.0",
      "resolved": "https://registry.npmjs.org/partybus/-/partybus-2.1.0.tgz",
      "integrity": "sha512-etg4njPdeY7/lYQvS4rzeBK/PG3SMsG6gZvik/FKdNThB28c1gpp5C3qumoCJieymqtmlTn602EAolbyqrUOqg==",
      "requires": {
        "tubemail": "^2.1.0"
      }
    },
    "regexp.prototype.flags": {
      "version": "1.2.0",
      "resolved": "https://registry.npmjs.org/regexp.prototype.flags/-/regexp.prototype.flags-1.2.0.tgz",
      "integrity": "sha512-ztaw4M1VqgMwl9HlPpOuiYgItcHlunW0He2fE6eNfT6E/CF2FtYi9ofOYe4mKntstYk0Fyh/rDRBdS3AnxjlrA==",
      "requires": {
        "define-properties": "^1.1.2"
      }
    },
    "safe-buffer": {
      "version": "5.2.0",
      "resolved": "https://registry.npmjs.org/safe-buffer/-/safe-buffer-5.2.0.tgz",
      "integrity": "sha512-fZEwUGbVl7kouZs1jCdMLdt95hdIv0ZeHg6L7qPeciMZhZ+/gdesW4wgTARkrFWEpspjEATAzUGPG8N2jJiwbg=="
    },
    "systemd-journald": {
      "version": "1.5.1",
      "resolved": "https://registry.npmjs.org/systemd-journald/-/systemd-journald-1.5.1.tgz",
      "integrity": "sha512-+ITMpEoglMnUuFiimzVf3jS9rPhpl2gprZSZfWduTAy3C3L6Htp9b1yWqlWsNmU9LHTH7C/k1vJcPx3/ftj9Cw==",
      "optional": true,
      "requires": {
        "nan": "^2.13.2"
      }
    },
    "thunky": {
      "version": "1.0.3",
      "resolved": "https://registry.npmjs.org/thunky/-/thunky-1.0.3.tgz",
      "integrity": "sha512-YwT8pjmNcAXBZqrubu22P4FYsh2D4dxRmnWBOL8Jk8bUcRUtc5326kx32tuTmFDAZtLOGEVNl8POAR8j896Iow=="
    },
    "tubemail": {
      "version": "2.1.0",
      "resolved": "https://registry.npmjs.org/tubemail/-/tubemail-2.1.0.tgz",
      "integrity": "sha512-u3Q0bs7t2zHONuGvQveXCfZlenEIVUD7jOKvYSsByZT/0uW+bo7fI/R8L8P+kL4CbTWTlwIzANqCJ3NdfSLwpg==",
      "requires": {
        "bloxycrats": "^1.1.0",
        "edfsm": "^1.1.1",
        "jsonschema": "^1.2.4",
        "x509.js": "^1.0.0"
      }
    },
    "tubemail-mdns": {
      "version": "2.0.0",
      "resolved": "https://registry.npmjs.org/tubemail-mdns/-/tubemail-mdns-2.0.0.tgz",
      "integrity": "sha512-77udxifZplnVPFeIygFEWaD32vD8JzH+6dpr56ZiTgAA0oBZJvjx0GIEe+DshObxWNmVZ4Qna632KJ8QM2x2dg==",
      "requires": {
        "bonjour-hap": "^3.5.1"
      }
    },
    "x509.js": {
      "version": "1.0.0",
      "resolved": "https://registry.npmjs.org/x509.js/-/x509.js-1.0.0.tgz",
      "integrity": "sha1-BLapdNs8eOwnakwKDIT7puyAjTg="
    }
  }
}
