{
  "name": "foo.local",
  "requires": true,
  "lockfileVersion": 1,
  "dependencies": {
    "ftrm-basic": {
      "version": "0.0.0",
      "resolved": "https://registry.npmjs.org/ftrm-basic/-/ftrm-basic-0.0.0.tgz",
      "integrity": "sha512-TsCyg1ibhb2jdgEaIoIZ0g/tOIshP3NIbL3G6cDxWHT1spAWVSsIVs8nBdtKr7lBtiCHHOhtyVkKJai1QM/XTg=="
    }
  }
}
