{
  "name": "curiosity",
  "requires": true,
  "lockfileVersion": 1,
  "dependencies": {
    "fs-ext": {
      "version": "1.2.1",
      "resolved": "https://registry.npmjs.org/fs-ext/-/fs-ext-1.2.1.tgz",
      "integrity": "sha512-+69gpKDsQERtexv9A1Fzm7i2P5aYK8sGfmV7l+JFMo4XJNAb9iPyMyr4oG3bu+qdc0hlodzRm0nDQ9R4oZR6xA==",
      "requires": {
        "nan": "2.11.1"
      }
    },
    "nan": {
      "version": "2.11.1",
      "resolved": "https://registry.npmjs.org/nan/-/nan-2.11.1.tgz",
      "integrity": "sha512-iji6k87OSXa0CcrLl9z+ZiYSuR2o+c0bGuNmXdrhTQTakxytAFsC56SArGYoiHlJlFoHSnvmhpceZJaXkVuOtA=="
    },
    "tsfoo": {
      "version": "0.0.0",
      "resolved": "https://registry.npmjs.org/tsfoo/-/tsfoo-0.0.0.tgz",
      "integrity": "sha512-AQDWqciBRDRw+b/kqI5imdQBG2718ypUAFPlZLcOHqn9So/brrLvOpnXS/GydliXg1dd53ruiMIFxH+rrIDSmg==",
      "requires": {
        "fs-ext": "1.2.1"
      }
    }
  }
}
